
Microsoft Visual Studio Solution File, Format Version 12.00
# Visual Studio Version 17
VisualStudioVersion = 17.1.32228.430
MinimumVisualStudioVersion = 10.0.40219.1
Project("{FAE04EC0-301F-11D3-BF4B-00C04F79EFBC}") = "Maze2", "Maze2\Maze2.csproj", "{9FF889A4-FD3B-4BC9-BB11-471BB92ADBE9}"
EndProject
Global
	GlobalSection(SolutionConfigurationPlatforms) = preSolution
		Debug|Any CPU = Debug|Any CPU
		Release|Any CPU = Release|Any CPU
	EndGlobalSection
	GlobalSection(ProjectConfigurationPlatforms) = postSolution
		{9FF889A4-FD3B-4BC9-BB11-471BB92ADBE9}.Debug|Any CPU.ActiveCfg = Debug|Any CPU
		{9FF889A4-FD3B-4BC9-BB11-471BB92ADBE9}.Debug|Any CPU.Build.0 = Debug|Any CPU
		{9FF889A4-FD3B-4BC9-BB11-471BB92ADBE9}.Release|Any CPU.ActiveCfg = Release|Any CPU
		{9FF889A4-FD3B-4BC9-BB11-471BB92ADBE9}.Release|Any CPU.Build.0 = Release|Any CPU
	EndGlobalSection
	GlobalSection(SolutionProperties) = preSolution
		HideSolutionNode = FALSE
	EndGlobalSection
	GlobalSection(ExtensibilityGlobals) = postSolution
		SolutionGuid = {FB05D820-BF05-4E93-BD96-B028771A190F}
	EndGlobalSection
EndGlobal
